// !$*UTF8*$!
{
	archiveVersion = 1;
	classes = {
	};
	objectVersion = 77;
	objects = {

/* Begin PBXBuildFile section */
		12372C652D813C0C009D14B5 /* HomeVC.swift in Sources */ = {isa = PBXBuildFile; fileRef = 12372C642D813C0C009D14B5 /* HomeVC.swift */; };
		12372C672D813C66009D14B5 /* BaseVC.swift in Sources */ = {isa = PBXBuildFile; fileRef = 12372C662D813C66009D14B5 /* BaseVC.swift */; };
		12372C692D813C90009D14B5 /* Extensions.swift in Sources */ = {isa = PBXBuildFile; fileRef = 12372C682D813C90009D14B5 /* Extensions.swift */; };
		12372C6C2D8141CE009D14B5 /* Common.swift in Sources */ = {isa = PBXBuildFile; fileRef = 12372C6B2D8141CE009D14B5 /* Common.swift */; };
		125D80672D80171500FBCF57 /* Assets.xcassets in Resources */ = {isa = PBXBuildFile; fileRef = 125D805E2D80171500FBCF57 /* Assets.xcassets */; };
		125D80692D80171500FBCF57 /* LaunchScreen.storyboard in Resources */ = {isa = PBXBuildFile; fileRef = 125D80612D80171500FBCF57 /* LaunchScreen.storyboard */; };
		125D806A2D80171500FBCF57 /* Main.storyboard in Resources */ = {isa = PBXBuildFile; fileRef = 125D80632D80171500FBCF57 /* Main.storyboard */; };
		125D806B2D80171500FBCF57 /* AppDelegate.swift in Sources */ = {isa = PBXBuildFile; fileRef = 125D805D2D80171500FBCF57 /* AppDelegate.swift */; };
		125D80742D8017CF00FBCF57 /* ScreenProtectorManager.swift in Sources */ = {isa = PBXBuildFile; fileRef = 125D80732D8017CF00FBCF57 /* ScreenProtectorManager.swift */; };
		125D80772D80182300FBCF57 /* Constants.swift in Sources */ = {isa = PBXBuildFile; fileRef = 125D80762D80182300FBCF57 /* Constants.swift */; };
/* End PBXBuildFile section */

/* Begin PBXFileReference section */
		12372C642D813C0C009D14B5 /* HomeVC.swift */ = {isa = PBXFileReference; lastKnownFileType = sourcecode.swift; path = HomeVC.swift; sourceTree = "<group>"; };
		12372C662D813C66009D14B5 /* BaseVC.swift */ = {isa = PBXFileReference; lastKnownFileType = sourcecode.swift; path = BaseVC.swift; sourceTree = "<group>"; };
		12372C682D813C90009D14B5 /* Extensions.swift */ = {isa = PBXFileReference; lastKnownFileType = sourcecode.swift; path = Extensions.swift; sourceTree = "<group>"; };
		12372C6B2D8141CE009D14B5 /* Common.swift */ = {isa = PBXFileReference; lastKnownFileType = sourcecode.swift; path = Common.swift; sourceTree = "<group>"; };
		125D80452D80170F00FBCF57 /* ScreenProtectorDemo.app */ = {isa = PBXFileReference; explicitFileType = wrapper.application; includeInIndex = 0; path = ScreenProtectorDemo.app; sourceTree = BUILT_PRODUCTS_DIR; };
		125D805D2D80171500FBCF57 /* AppDelegate.swift */ = {isa = PBXFileReference; lastKnownFileType = sourcecode.swift; path = AppDelegate.swift; sourceTree = "<group>"; };
		125D805E2D80171500FBCF57 /* Assets.xcassets */ = {isa = PBXFileReference; lastKnownFileType = folder.assetcatalog; path = Assets.xcassets; sourceTree = "<group>"; };
		125D805F2D80171500FBCF57 /* Info.plist */ = {isa = PBXFileReference; lastKnownFileType = text.plist.xml; path = Info.plist; sourceTree = "<group>"; };
		125D80602D80171500FBCF57 /* Base */ = {isa = PBXFileReference; lastKnownFileType = file.storyboard; name = Base; path = Base.lproj/LaunchScreen.storyboard; sourceTree = "<group>"; };
		125D80622D80171500FBCF57 /* Base */ = {isa = PBXFileReference; lastKnownFileType = file.storyboard; name = Base; path = Base.lproj/Main.storyboard; sourceTree = "<group>"; };
		125D80732D8017CF00FBCF57 /* ScreenProtectorManager.swift */ = {isa = PBXFileReference; lastKnownFileType = sourcecode.swift; path = ScreenProtectorManager.swift; sourceTree = "<group>"; };
		125D80762D80182300FBCF57 /* Constants.swift */ = {isa = PBXFileReference; lastKnownFileType = sourcecode.swift; path = Constants.swift; sourceTree = "<group>"; };
/* End PBXFileReference section */

/* Begin PBXFrameworksBuildPhase section */
		125D80422D80170F00FBCF57 /* Frameworks */ = {
			isa = PBXFrameworksBuildPhase;
			buildActionMask = 2147483647;
			files = (
			);
			runOnlyForDeploymentPostprocessing = 0;
		};
/* End PBXFrameworksBuildPhase section */

/* Begin PBXGroup section */
		12372C632D813BF9009D14B5 /* Home */ = {
			isa = PBXGroup;
			children = (
				12372C642D813C0C009D14B5 /* HomeVC.swift */,
			);
			name = Home;
			sourceTree = "<group>";
		};
		12372C6A2D8141C4009D14B5 /* Common */ = {
			isa = PBXGroup;
			children = (
				12372C6B2D8141CE009D14B5 /* Common.swift */,
			);
			path = Common;
			sourceTree = "<group>";
		};
		125D803C2D80170F00FBCF57 = {
			isa = PBXGroup;
			children = (
				125D80462D80170F00FBCF57 /* Products */,
				125D80662D80171500FBCF57 /* ScreenProtectorDemo */,
			);
			sourceTree = "<group>";
		};
		125D80462D80170F00FBCF57 /* Products */ = {
			isa = PBXGroup;
			children = (
				125D80452D80170F00FBCF57 /* ScreenProtectorDemo.app */,
			);
			name = Products;
			sourceTree = "<group>";
		};
		125D80662D80171500FBCF57 /* ScreenProtectorDemo */ = {
			isa = PBXGroup;
			children = (
				125D80712D80176100FBCF57 /* Classes */,
				125D806E2D80172E00FBCF57 /* Storyboards */,
				125D80702D80175200FBCF57 /* Utilities */,
			);
			path = ScreenProtectorDemo;
			sourceTree = "<group>";
		};
		125D806E2D80172E00FBCF57 /* Storyboards */ = {
			isa = PBXGroup;
			children = (
				125D80612D80171500FBCF57 /* LaunchScreen.storyboard */,
				125D80632D80171500FBCF57 /* Main.storyboard */,
			);
			name = Storyboards;
			sourceTree = "<group>";
		};
		125D806F2D80173900FBCF57 /* Assets */ = {
			isa = PBXGroup;
			children = (
				125D805E2D80171500FBCF57 /* Assets.xcassets */,
			);
			path = Assets;
			sourceTree = "<group>";
		};
		125D80702D80175200FBCF57 /* Utilities */ = {
			isa = PBXGroup;
			children = (
				125D806F2D80173900FBCF57 /* Assets */,
				125D805F2D80171500FBCF57 /* Info.plist */,
			);
			name = Utilities;
			sourceTree = "<group>";
		};
		125D80712D80176100FBCF57 /* Classes */ = {
			isa = PBXGroup;
			children = (
				125D805D2D80171500FBCF57 /* AppDelegate.swift */,
				12372C662D813C66009D14B5 /* BaseVC.swift */,
				12372C682D813C90009D14B5 /* Extensions.swift */,
				12372C632D813BF9009D14B5 /* Home */,
				125D80722D80178400FBCF57 /* Supporting Files */,
			);
			path = Classes;
			sourceTree = "<group>";
		};
		125D80722D80178400FBCF57 /* Supporting Files */ = {
			isa = PBXGroup;
			children = (
				12372C6A2D8141C4009D14B5 /* Common */,
				125D80752D80180B00FBCF57 /* Constants */,
				125D80732D8017CF00FBCF57 /* ScreenProtectorManager.swift */,
			);
			name = "Supporting Files";
			sourceTree = "<group>";
		};
		125D80752D80180B00FBCF57 /* Constants */ = {
			isa = PBXGroup;
			children = (
				125D80762D80182300FBCF57 /* Constants.swift */,
			);
			path = Constants;
			sourceTree = "<group>";
		};
/* End PBXGroup section */

/* Begin PBXNativeTarget section */
		125D80442D80170F00FBCF57 /* ScreenProtectorDemo */ = {
			isa = PBXNativeTarget;
			buildConfigurationList = 125D80582D80171000FBCF57 /* Build configuration list for PBXNativeTarget "ScreenProtectorDemo" */;
			buildPhases = (
				125D80412D80170F00FBCF57 /* Sources */,
				125D80422D80170F00FBCF57 /* Frameworks */,
				125D80432D80170F00FBCF57 /* Resources */,
			);
			buildRules = (
			);
			dependencies = (
			);
			name = ScreenProtectorDemo;
			packageProductDependencies = (
			);
			productName = ScreenProtectorDemo;
			productReference = 125D80452D80170F00FBCF57 /* ScreenProtectorDemo.app */;
			productType = "com.apple.product-type.application";
		};
/* End PBXNativeTarget section */

/* Begin PBXProject section */
		125D803D2D80170F00FBCF57 /* Project object */ = {
			isa = PBXProject;
			attributes = {
				BuildIndependentTargetsInParallel = 1;
				LastSwiftUpdateCheck = 1610;
				LastUpgradeCheck = 1610;
				TargetAttributes = {
					125D80442D80170F00FBCF57 = {
						CreatedOnToolsVersion = 16.1;
					};
				};
			};
			buildConfigurationList = 125D80402D80170F00FBCF57 /* Build configuration list for PBXProject "ScreenProtectorDemo" */;
			developmentRegion = en;
			hasScannedForEncodings = 0;
			knownRegions = (
				en,
				Base,
			);
			mainGroup = 125D803C2D80170F00FBCF57;
			minimizedProjectReferenceProxies = 1;
			preferredProjectObjectVersion = 77;
			productRefGroup = 125D80462D80170F00FBCF57 /* Products */;
			projectDirPath = "";
			projectRoot = "";
			targets = (
				125D80442D80170F00FBCF57 /* ScreenProtectorDemo */,
			);
		};
/* End PBXProject section */

/* Begin PBXResourcesBuildPhase section */
		125D80432D80170F00FBCF57 /* Resources */ = {
			isa = PBXResourcesBuildPhase;
			buildActionMask = 2147483647;
			files = (
				125D80672D80171500FBCF57 /* Assets.xcassets in Resources */,
				125D80692D80171500FBCF57 /* LaunchScreen.storyboard in Resources */,
				125D806A2D80171500FBCF57 /* Main.storyboard in Resources */,
			);
			runOnlyForDeploymentPostprocessing = 0;
		};
/* End PBXResourcesBuildPhase section */

/* Begin PBXSourcesBuildPhase section */
		125D80412D80170F00FBCF57 /* Sources */ = {
			isa = PBXSourcesBuildPhase;
			buildActionMask = 2147483647;
			files = (
				125D80742D8017CF00FBCF57 /* ScreenProtectorManager.swift in Sources */,
				12372C692D813C90009D14B5 /* Extensions.swift in Sources */,
				12372C652D813C0C009D14B5 /* HomeVC.swift in Sources */,
				125D806B2D80171500FBCF57 /* AppDelegate.swift in Sources */,
				125D80772D80182300FBCF57 /* Constants.swift in Sources */,
				12372C672D813C66009D14B5 /* BaseVC.swift in Sources */,
				12372C6C2D8141CE009D14B5 /* Common.swift in Sources */,
			);
			runOnlyForDeploymentPostprocessing = 0;
		};
/* End PBXSourcesBuildPhase section */

/* Begin PBXVariantGroup section */
		125D80612D80171500FBCF57 /* LaunchScreen.storyboard */ = {
			isa = PBXVariantGroup;
			children = (
				125D80602D80171500FBCF57 /* Base */,
			);
			name = LaunchScreen.storyboard;
			sourceTree = "<group>";
		};
		125D80632D80171500FBCF57 /* Main.storyboard */ = {
			isa = PBXVariantGroup;
			children = (
				125D80622D80171500FBCF57 /* Base */,
			);
			name = Main.storyboard;
			sourceTree = "<group>";
		};
/* End PBXVariantGroup section */

/* Begin XCBuildConfiguration section */
		125D80592D80171000FBCF57 /* Debug */ = {
			isa = XCBuildConfiguration;
			buildSettings = {
				ASSETCATALOG_COMPILER_APPICON_NAME = AppIcon;
				ASSETCATALOG_COMPILER_GLOBAL_ACCENT_COLOR_NAME = AccentColor;
				CODE_SIGN_IDENTITY = "Apple Development";
				CODE_SIGN_STYLE = Manual;
				CURRENT_PROJECT_VERSION = 1;
				DEVELOPMENT_TEAM = 7X37T48VFM;
				"DEVELOPMENT_TEAM[sdk=iphoneos*]" = 7X37T48VFM;
				"EXCLUDED_ARCHS[sdk=iphonesimulator*]" = arm64;
				GENERATE_INFOPLIST_FILE = YES;
				INFOPLIST_FILE = ScreenProtectorDemo/Info.plist;
				INFOPLIST_KEY_UIApplicationSupportsIndirectInputEvents = YES;
				INFOPLIST_KEY_UILaunchStoryboardName = LaunchScreen;
				INFOPLIST_KEY_UIMainStoryboardFile = Main;
				INFOPLIST_KEY_UISupportedInterfaceOrientations = UIInterfaceOrientationPortrait;
				INFOPLIST_KEY_UISupportedInterfaceOrientations_iPad = "UIInterfaceOrientationLandscapeLeft UIInterfaceOrientationLandscapeRight UIInterfaceOrientationPortrait UIInterfaceOrientationPortraitUpsideDown";
				INFOPLIST_KEY_UIUserInterfaceStyle = Light;
				IPHONEOS_DEPLOYMENT_TARGET = 13;
				LD_RUNPATH_SEARCH_PATHS = (
					"$(inherited)",
					"@executable_path/Frameworks",
				);
				MARKETING_VERSION = 1.0;
				PRODUCT_BUNDLE_IDENTIFIER = com.digirealtytech.ScreenProtectorDemo;
				PRODUCT_NAME = "$(TARGET_NAME)";
				PROVISIONING_PROFILE_SPECIFIER = wildcard_development;
				"PROVISIONING_PROFILE_SPECIFIER[sdk=iphoneos*]" = wildcard_development;
				SUPPORTED_PLATFORMS = "iphoneos iphonesimulator";
				SUPPORTS_MACCATALYST = NO;
				SUPPORTS_MAC_DESIGNED_FOR_IPHONE_IPAD = NO;
				SUPPORTS_XR_DESIGNED_FOR_IPHONE_IPAD = NO;
				SWIFT_EMIT_LOC_STRINGS = YES;
				SWIFT_VERSION = 5.0;
				TARGETED_DEVICE_FAMILY = 1;
			};
			name = Debug;
		};
		125D805A2D80171000FBCF57 /* Release */ = {
			isa = XCBuildConfiguration;
			buildSettings = {
				ASSETCATALOG_COMPILER_APPICON_NAME = AppIcon;
				ASSETCATALOG_COMPILER_GLOBAL_ACCENT_COLOR_NAME = AccentColor;
				CODE_SIGN_IDENTITY = "Apple Development";
				CODE_SIGN_STYLE = Manual;
				CURRENT_PROJECT_VERSION = 1;
				DEVELOPMENT_TEAM = 7X37T48VFM;
				"DEVELOPMENT_TEAM[sdk=iphoneos*]" = 7X37T48VFM;
				GENERATE_INFOPLIST_FILE = YES;
				INFOPLIST_FILE = ScreenProtectorDemo/Info.plist;
				INFOPLIST_KEY_UIApplicationSupportsIndirectInputEvents = YES;
				INFOPLIST_KEY_UILaunchStoryboardName = LaunchScreen;
				INFOPLIST_KEY_UIMainStoryboardFile = Main;
				INFOPLIST_KEY_UISupportedInterfaceOrientations = UIInterfaceOrientationPortrait;
				INFOPLIST_KEY_UISupportedInterfaceOrientations_iPad = "UIInterfaceOrientationLandscapeLeft UIInterfaceOrientationLandscapeRight UIInterfaceOrientationPortrait UIInterfaceOrientationPortraitUpsideDown";
				INFOPLIST_KEY_UIUserInterfaceStyle = Light;
				IPHONEOS_DEPLOYMENT_TARGET = 13;
				LD_RUNPATH_SEARCH_PATHS = (
					"$(inherited)",
					"@executable_path/Frameworks",
				);
				MARKETING_VERSION = 1.0;
				PRODUCT_BUNDLE_IDENTIFIER = com.digirealtytech.ScreenProtectorDemo;
				PRODUCT_NAME = "$(TARGET_NAME)";
				PROVISIONING_PROFILE_SPECIFIER = wildcard_development;
				"PROVISIONING_PROFILE_SPECIFIER[sdk=iphoneos*]" = wildcard_development;
				SUPPORTED_PLATFORMS = "iphoneos iphonesimulator";
				SUPPORTS_MACCATALYST = NO;
				SUPPORTS_MAC_DESIGNED_FOR_IPHONE_IPAD = NO;
				SUPPORTS_XR_DESIGNED_FOR_IPHONE_IPAD = NO;
				SWIFT_EMIT_LOC_STRINGS = YES;
				SWIFT_VERSION = 5.0;
				TARGETED_DEVICE_FAMILY = 1;
			};
			name = Release;
		};
		125D805B2D80171000FBCF57 /* Debug */ = {
			isa = XCBuildConfiguration;
			buildSettings = {
				ALWAYS_SEARCH_USER_PATHS = NO;
				ASSETCATALOG_COMPILER_GENERATE_SWIFT_ASSET_SYMBOL_EXTENSIONS = YES;
				CLANG_ANALYZER_NONNULL = YES;
				CLANG_ANALYZER_NUMBER_OBJECT_CONVERSION = YES_AGGRESSIVE;
				CLANG_CXX_LANGUAGE_STANDARD = "gnu++20";
				CLANG_ENABLE_MODULES = YES;
				CLANG_ENABLE_OBJC_ARC = YES;
				CLANG_ENABLE_OBJC_WEAK = YES;
				CLANG_WARN_BLOCK_CAPTURE_AUTORELEASING = YES;
				CLANG_WARN_BOOL_CONVERSION = YES;
				CLANG_WARN_COMMA = YES;
				CLANG_WARN_CONSTANT_CONVERSION = YES;
				CLANG_WARN_DEPRECATED_OBJC_IMPLEMENTATIONS = YES;
				CLANG_WARN_DIRECT_OBJC_ISA_USAGE = YES_ERROR;
				CLANG_WARN_DOCUMENTATION_COMMENTS = YES;
				CLANG_WARN_EMPTY_BODY = YES;
				CLANG_WARN_ENUM_CONVERSION = YES;
				CLANG_WARN_INFINITE_RECURSION = YES;
				CLANG_WARN_INT_CONVERSION = YES;
				CLANG_WARN_NON_LITERAL_NULL_CONVERSION = YES;
				CLANG_WARN_OBJC_IMPLICIT_RETAIN_SELF = YES;
				CLANG_WARN_OBJC_LITERAL_CONVERSION = YES;
				CLANG_WARN_OBJC_ROOT_CLASS = YES_ERROR;
				CLANG_WARN_QUOTED_INCLUDE_IN_FRAMEWORK_HEADER = YES;
				CLANG_WARN_RANGE_LOOP_ANALYSIS = YES;
				CLANG_WARN_STRICT_PROTOTYPES = YES;
				CLANG_WARN_SUSPICIOUS_MOVE = YES;
				CLANG_WARN_UNGUARDED_AVAILABILITY = YES_AGGRESSIVE;
				CLANG_WARN_UNREACHABLE_CODE = YES;
				CLANG_WARN__DUPLICATE_METHOD_MATCH = YES;
				COPY_PHASE_STRIP = NO;
				DEBUG_INFORMATION_FORMAT = dwarf;
				ENABLE_STRICT_OBJC_MSGSEND = YES;
				ENABLE_TESTABILITY = YES;
				ENABLE_USER_SCRIPT_SANDBOXING = YES;
				"EXCLUDED_ARCHS[sdk=iphonesimulator*]" = arm64;
				GCC_C_LANGUAGE_STANDARD = gnu17;
				GCC_DYNAMIC_NO_PIC = NO;
				GCC_NO_COMMON_BLOCKS = YES;
				GCC_OPTIMIZATION_LEVEL = 0;
				GCC_PREPROCESSOR_DEFINITIONS = (
					"DEBUG=1",
					"$(inherited)",
				);
				GCC_WARN_64_TO_32_BIT_CONVERSION = YES;
				GCC_WARN_ABOUT_RETURN_TYPE = YES_ERROR;
				GCC_WARN_UNDECLARED_SELECTOR = YES;
				GCC_WARN_UNINITIALIZED_AUTOS = YES_AGGRESSIVE;
				GCC_WARN_UNUSED_FUNCTION = YES;
				GCC_WARN_UNUSED_VARIABLE = YES;
				IPHONEOS_DEPLOYMENT_TARGET = 18.1;
				LOCALIZATION_PREFERS_STRING_CATALOGS = YES;
				MTL_ENABLE_DEBUG_INFO = INCLUDE_SOURCE;
				MTL_FAST_MATH = YES;
				ONLY_ACTIVE_ARCH = YES;
				SDKROOT = iphoneos;
				SWIFT_ACTIVE_COMPILATION_CONDITIONS = "DEBUG $(inherited)";
				SWIFT_OPTIMIZATION_LEVEL = "-Onone";
			};
			name = Debug;
		};
		125D805C2D80171000FBCF57 /* Release */ = {
			isa = XCBuildConfiguration;
			buildSettings = {
				ALWAYS_SEARCH_USER_PATHS = NO;
				ASSETCATALOG_COMPILER_GENERATE_SWIFT_ASSET_SYMBOL_EXTENSIONS = YES;
				CLANG_ANALYZER_NONNULL = YES;
				CLANG_ANALYZER_NUMBER_OBJECT_CONVERSION = YES_AGGRESSIVE;
				CLANG_CXX_LANGUAGE_STANDARD = "gnu++20";
				CLANG_ENABLE_MODULES = YES;
				CLANG_ENABLE_OBJC_ARC = YES;
				CLANG_ENABLE_OBJC_WEAK = YES;
				CLANG_WARN_BLOCK_CAPTURE_AUTORELEASING = YES;
				CLANG_WARN_BOOL_CONVERSION = YES;
				CLANG_WARN_COMMA = YES;
				CLANG_WARN_CONSTANT_CONVERSION = YES;
				CLANG_WARN_DEPRECATED_OBJC_IMPLEMENTATIONS = YES;
				CLANG_WARN_DIRECT_OBJC_ISA_USAGE = YES_ERROR;
				CLANG_WARN_DOCUMENTATION_COMMENTS = YES;
				CLANG_WARN_EMPTY_BODY = YES;
				CLANG_WARN_ENUM_CONVERSION = YES;
				CLANG_WARN_INFINITE_RECURSION = YES;
				CLANG_WARN_INT_CONVERSION = YES;
				CLANG_WARN_NON_LITERAL_NULL_CONVERSION = YES;
				CLANG_WARN_OBJC_IMPLICIT_RETAIN_SELF = YES;
				CLANG_WARN_OBJC_LITERAL_CONVERSION = YES;
				CLANG_WARN_OBJC_ROOT_CLASS = YES_ERROR;
				CLANG_WARN_QUOTED_INCLUDE_IN_FRAMEWORK_HEADER = YES;
				CLANG_WARN_RANGE_LOOP_ANALYSIS = YES;
				CLANG_WARN_STRICT_PROTOTYPES = YES;
				CLANG_WARN_SUSPICIOUS_MOVE = YES;
				CLANG_WARN_UNGUARDED_AVAILABILITY = YES_AGGRESSIVE;
				CLANG_WARN_UNREACHABLE_CODE = YES;
				CLANG_WARN__DUPLICATE_METHOD_MATCH = YES;
				COPY_PHASE_STRIP = NO;
				DEBUG_INFORMATION_FORMAT = "dwarf-with-dsym";
				ENABLE_NS_ASSERTIONS = NO;
				ENABLE_STRICT_OBJC_MSGSEND = YES;
				ENABLE_USER_SCRIPT_SANDBOXING = YES;
				GCC_C_LANGUAGE_STANDARD = gnu17;
				GCC_NO_COMMON_BLOCKS = YES;
				GCC_WARN_64_TO_32_BIT_CONVERSION = YES;
				GCC_WARN_ABOUT_RETURN_TYPE = YES_ERROR;
				GCC_WARN_UNDECLARED_SELECTOR = YES;
				GCC_WARN_UNINITIALIZED_AUTOS = YES_AGGRESSIVE;
				GCC_WARN_UNUSED_FUNCTION = YES;
				GCC_WARN_UNUSED_VARIABLE = YES;
				IPHONEOS_DEPLOYMENT_TARGET = 18.1;
				LOCALIZATION_PREFERS_STRING_CATALOGS = YES;
				MTL_ENABLE_DEBUG_INFO = NO;
				MTL_FAST_MATH = YES;
				SDKROOT = iphoneos;
				SWIFT_COMPILATION_MODE = wholemodule;
				VALIDATE_PRODUCT = YES;
			};
			name = Release;
		};
/* End XCBuildConfiguration section */

/* Begin XCConfigurationList section */
		125D80402D80170F00FBCF57 /* Build configuration list for PBXProject "ScreenProtectorDemo" */ = {
			isa = XCConfigurationList;
			buildConfigurations = (
				125D805B2D80171000FBCF57 /* Debug */,
				125D805C2D80171000FBCF57 /* Release */,
			);
			defaultConfigurationIsVisible = 0;
			defaultConfigurationName = Release;
		};
		125D80582D80171000FBCF57 /* Build configuration list for PBXNativeTarget "ScreenProtectorDemo" */ = {
			isa = XCConfigurationList;
			buildConfigurations = (
				125D80592D80171000FBCF57 /* Debug */,
				125D805A2D80171000FBCF57 /* Release */,
			);
			defaultConfigurationIsVisible = 0;
			defaultConfigurationName = Release;
		};
/* End XCConfigurationList section */
	};
	rootObject = 125D803D2D80170F00FBCF57 /* Project object */;
}
